
Microsoft Visual Studio Solution File, Format Version 12.00
# Visual Studio Version 16
VisualStudioVersion = 16.0.32413.511
MinimumVisualStudioVersion = 10.0.40219.1
Project("{FAE04EC0-301F-11D3-BF4B-00C04F79EFBC}") = "Vector", "Vector\Vector.csproj", "{49308AEF-4F1C-46B0-8DFB-B5BE8AC4DF00}"
EndProject
Global
	GlobalSection(SolutionConfigurationPlatforms) = preSolution
		Debug|Any CPU = Debug|Any CPU
		Release|Any CPU = Release|Any CPU
	EndGlobalSection
	GlobalSection(ProjectConfigurationPlatforms) = postSolution
		{49308AEF-4F1C-46B0-8DFB-B5BE8AC4DF00}.Debug|Any CPU.ActiveCfg = Debug|Any CPU
		{49308AEF-4F1C-46B0-8DFB-B5BE8AC4DF00}.Debug|Any CPU.Build.0 = Debug|Any CPU
		{49308AEF-4F1C-46B0-8DFB-B5BE8AC4DF00}.Release|Any CPU.ActiveCfg = Release|Any CPU
		{49308AEF-4F1C-46B0-8DFB-B5BE8AC4DF00}.Release|Any CPU.Build.0 = Release|Any CPU
	EndGlobalSection
	GlobalSection(SolutionProperties) = preSolution
		HideSolutionNode = FALSE
	EndGlobalSection
	GlobalSection(ExtensibilityGlobals) = postSolution
		SolutionGuid = {1E1C3437-6E98-4B80-A8C0-18209C248565}
	EndGlobalSection
EndGlobal
